
Microsoft Visual Studio Solution File, Format Version 12.00
# Visual Studio 2013
VisualStudioVersion = 12.0.31101.0
MinimumVisualStudioVersion = 10.0.40219.1
Project("{FAE04EC0-301F-11D3-BF4B-00C04F79EFBC}") = "Class6_ModalDialog", "Class6_ModalDialog\Class6_ModalDialog.csproj", "{F777E8BD-3FEC-42B1-A2A5-C55B76C04CC9}"
EndProject
Global
	GlobalSection(SolutionConfigurationPlatforms) = preSolution
		Debug|Any CPU = Debug|Any CPU
		Release|Any CPU = Release|Any CPU
	EndGlobalSection
	GlobalSection(ProjectConfigurationPlatforms) = postSolution
		{F777E8BD-3FEC-42B1-A2A5-C55B76C04CC9}.Debug|Any CPU.ActiveCfg = Debug|Any CPU
		{F777E8BD-3FEC-42B1-A2A5-C55B76C04CC9}.Debug|Any CPU.Build.0 = Debug|Any CPU
		{F777E8BD-3FEC-42B1-A2A5-C55B76C04CC9}.Release|Any CPU.ActiveCfg = Release|Any CPU
		{F777E8BD-3FEC-42B1-A2A5-C55B76C04CC9}.Release|Any CPU.Build.0 = Release|Any CPU
	EndGlobalSection
	GlobalSection(SolutionProperties) = preSolution
		HideSolutionNode = FALSE
	EndGlobalSection
EndGlobal
