
Microsoft Visual Studio Solution File, Format Version 12.00
# Visual Studio 2012
Project("{FAE04EC0-301F-11D3-BF4B-00C04F79EFBC}") = "TileEditorSkeleton", "TileEditorSkeleton\TileEditorSkeleton.csproj", "{D80B3CC6-B228-4E67-9F47-77CFA9922FAC}"
EndProject
Global
	GlobalSection(SolutionConfigurationPlatforms) = preSolution
		Debug|Any CPU = Debug|Any CPU
		Release|Any CPU = Release|Any CPU
	EndGlobalSection
	GlobalSection(ProjectConfigurationPlatforms) = postSolution
		{D80B3CC6-B228-4E67-9F47-77CFA9922FAC}.Debug|Any CPU.ActiveCfg = Debug|Any CPU
		{D80B3CC6-B228-4E67-9F47-77CFA9922FAC}.Debug|Any CPU.Build.0 = Debug|Any CPU
		{D80B3CC6-B228-4E67-9F47-77CFA9922FAC}.Release|Any CPU.ActiveCfg = Release|Any CPU
		{D80B3CC6-B228-4E67-9F47-77CFA9922FAC}.Release|Any CPU.Build.0 = Release|Any CPU
	EndGlobalSection
	GlobalSection(SolutionProperties) = preSolution
		HideSolutionNode = FALSE
	EndGlobalSection
EndGlobal
